// !$*UTF8*$!
{
	archiveVersion = 1;
	classes = {
	};
	objectVersion = 56;
	objects = {

/* Begin PBXBuildFile section */
		7969214C2C93B2BA000BB689 /* ESCallApp.swift in Sources */ = {isa = PBXBuildFile; fileRef = 7969214B2C93B2BA000BB689 /* ESCallApp.swift */; };
		7969214E2C93B2BA000BB689 /* ContentView.swift in Sources */ = {isa = PBXBuildFile; fileRef = 7969214D2C93B2BA000BB689 /* ContentView.swift */; };
		796921502C93B2BC000BB689 /* Assets.xcassets in Resources */ = {isa = PBXBuildFile; fileRef = 7969214F2C93B2BC000BB689 /* Assets.xcassets */; };
		796921532C93B2BC000BB689 /* Preview Assets.xcassets in Resources */ = {isa = PBXBuildFile; fileRef = 796921522C93B2BC000BB689 /* Preview Assets.xcassets */; };
		7969215D2C93B2BC000BB689 /* ESCallTests.swift in Sources */ = {isa = PBXBuildFile; fileRef = 7969215C2C93B2BC000BB689 /* ESCallTests.swift */; };
		796921672C93B2BC000BB689 /* ESCallUITests.swift in Sources */ = {isa = PBXBuildFile; fileRef = 796921662C93B2BC000BB689 /* ESCallUITests.swift */; };
		796921692C93B2BC000BB689 /* ESCallUITestsLaunchTests.swift in Sources */ = {isa = PBXBuildFile; fileRef = 796921682C93B2BC000BB689 /* ESCallUITestsLaunchTests.swift */; };
		7969217E2C93B701000BB689 /* SplineRuntime in Frameworks */ = {isa = PBXBuildFile; productRef = 7969217D2C93B701000BB689 /* SplineRuntime */; };
		796921802C93C00B000BB689 /* WelcomeView.swift in Sources */ = {isa = PBXBuildFile; fileRef = 7969217F2C93C00B000BB689 /* WelcomeView.swift */; };
		796921822C93C026000BB689 /* TutorialView.swift in Sources */ = {isa = PBXBuildFile; fileRef = 796921812C93C026000BB689 /* TutorialView.swift */; };
		796921842C93C04A000BB689 /* HomeView.swift in Sources */ = {isa = PBXBuildFile; fileRef = 796921832C93C04A000BB689 /* HomeView.swift */; };
		796921892C93CB9D000BB689 /* ProximaNovaRegular.otf in Resources */ = {isa = PBXBuildFile; fileRef = 796921882C93CB9D000BB689 /* ProximaNovaRegular.otf */; };
		7969218B2C93CBB8000BB689 /* ProximaNovaBold.otf in Resources */ = {isa = PBXBuildFile; fileRef = 7969218A2C93CBB8000BB689 /* ProximaNovaBold.otf */; };
		7969218F2C93CE5E000BB689 /* VolumeButtonHandler.swift in Sources */ = {isa = PBXBuildFile; fileRef = 7969218E2C93CE5E000BB689 /* VolumeButtonHandler.swift */; };
		796921912C93CEDD000BB689 /* FakeCallView.swift in Sources */ = {isa = PBXBuildFile; fileRef = 796921902C93CEDD000BB689 /* FakeCallView.swift */; };
		796921932C93CF65000BB689 /* CallInProgressView.swift in Sources */ = {isa = PBXBuildFile; fileRef = 796921922C93CF65000BB689 /* CallInProgressView.swift */; };
		796921A12C93E99A000BB689 /* UIImage.swift in Sources */ = {isa = PBXBuildFile; fileRef = 796921A02C93E99A000BB689 /* UIImage.swift */; };
		796921A72C93EC95000BB689 /* ringtone.mp3 in Resources */ = {isa = PBXBuildFile; fileRef = 796921A62C93EC95000BB689 /* ringtone.mp3 */; };
		796921A92C93F1F2000BB689 /* tutorial.mp4 in Resources */ = {isa = PBXBuildFile; fileRef = 796921A82C93F1F2000BB689 /* tutorial.mp4 */; };
		796921AB2C93F211000BB689 /* VideoView.swift in Sources */ = {isa = PBXBuildFile; fileRef = 796921AA2C93F210000BB689 /* VideoView.swift */; };
/* End PBXBuildFile section */

/* Begin PBXContainerItemProxy section */
		796921592C93B2BC000BB689 /* PBXContainerItemProxy */ = {
			isa = PBXContainerItemProxy;
			containerPortal = 796921402C93B2BA000BB689 /* Project object */;
			proxyType = 1;
			remoteGlobalIDString = 796921472C93B2BA000BB689;
			remoteInfo = ESCall;
		};
		796921632C93B2BC000BB689 /* PBXContainerItemProxy */ = {
			isa = PBXContainerItemProxy;
			containerPortal = 796921402C93B2BA000BB689 /* Project object */;
			proxyType = 1;
			remoteGlobalIDString = 796921472C93B2BA000BB689;
			remoteInfo = ESCall;
		};
/* End PBXContainerItemProxy section */

/* Begin PBXFileReference section */
		796921482C93B2BA000BB689 /* ESCall.app */ = {isa = PBXFileReference; explicitFileType = wrapper.application; includeInIndex = 0; path = ESCall.app; sourceTree = BUILT_PRODUCTS_DIR; };
		7969214B2C93B2BA000BB689 /* ESCallApp.swift */ = {isa = PBXFileReference; lastKnownFileType = sourcecode.swift; path = ESCallApp.swift; sourceTree = "<group>"; };
		7969214D2C93B2BA000BB689 /* ContentView.swift */ = {isa = PBXFileReference; lastKnownFileType = sourcecode.swift; path = ContentView.swift; sourceTree = "<group>"; };
		7969214F2C93B2BC000BB689 /* Assets.xcassets */ = {isa = PBXFileReference; lastKnownFileType = folder.assetcatalog; path = Assets.xcassets; sourceTree = "<group>"; };
		796921522C93B2BC000BB689 /* Preview Assets.xcassets */ = {isa = PBXFileReference; lastKnownFileType = folder.assetcatalog; path = "Preview Assets.xcassets"; sourceTree = "<group>"; };
		796921582C93B2BC000BB689 /* ESCallTests.xctest */ = {isa = PBXFileReference; explicitFileType = wrapper.cfbundle; includeInIndex = 0; path = ESCallTests.xctest; sourceTree = BUILT_PRODUCTS_DIR; };
		7969215C2C93B2BC000BB689 /* ESCallTests.swift */ = {isa = PBXFileReference; lastKnownFileType = sourcecode.swift; path = ESCallTests.swift; sourceTree = "<group>"; };
		796921622C93B2BC000BB689 /* ESCallUITests.xctest */ = {isa = PBXFileReference; explicitFileType = wrapper.cfbundle; includeInIndex = 0; path = ESCallUITests.xctest; sourceTree = BUILT_PRODUCTS_DIR; };
		796921662C93B2BC000BB689 /* ESCallUITests.swift */ = {isa = PBXFileReference; lastKnownFileType = sourcecode.swift; path = ESCallUITests.swift; sourceTree = "<group>"; };
		796921682C93B2BC000BB689 /* ESCallUITestsLaunchTests.swift */ = {isa = PBXFileReference; lastKnownFileType = sourcecode.swift; path = ESCallUITestsLaunchTests.swift; sourceTree = "<group>"; };
		7969217F2C93C00B000BB689 /* WelcomeView.swift */ = {isa = PBXFileReference; lastKnownFileType = sourcecode.swift; path = WelcomeView.swift; sourceTree = "<group>"; };
		796921812C93C026000BB689 /* TutorialView.swift */ = {isa = PBXFileReference; lastKnownFileType = sourcecode.swift; path = TutorialView.swift; sourceTree = "<group>"; };
		796921832C93C04A000BB689 /* HomeView.swift */ = {isa = PBXFileReference; lastKnownFileType = sourcecode.swift; path = HomeView.swift; sourceTree = "<group>"; };
		796921852C93C62C000BB689 /* Info.plist */ = {isa = PBXFileReference; lastKnownFileType = text.plist; path = Info.plist; sourceTree = "<group>"; };
		796921882C93CB9D000BB689 /* ProximaNovaRegular.otf */ = {isa = PBXFileReference; lastKnownFileType = file; path = ProximaNovaRegular.otf; sourceTree = "<group>"; };
		7969218A2C93CBB8000BB689 /* ProximaNovaBold.otf */ = {isa = PBXFileReference; lastKnownFileType = file; path = ProximaNovaBold.otf; sourceTree = "<group>"; };
		7969218E2C93CE5E000BB689 /* VolumeButtonHandler.swift */ = {isa = PBXFileReference; lastKnownFileType = sourcecode.swift; path = VolumeButtonHandler.swift; sourceTree = "<group>"; };
		796921902C93CEDD000BB689 /* FakeCallView.swift */ = {isa = PBXFileReference; lastKnownFileType = sourcecode.swift; path = FakeCallView.swift; sourceTree = "<group>"; };
		796921922C93CF65000BB689 /* CallInProgressView.swift */ = {isa = PBXFileReference; lastKnownFileType = sourcecode.swift; path = CallInProgressView.swift; sourceTree = "<group>"; };
		796921A02C93E99A000BB689 /* UIImage.swift */ = {isa = PBXFileReference; lastKnownFileType = sourcecode.swift; path = UIImage.swift; sourceTree = "<group>"; };
		796921A62C93EC95000BB689 /* ringtone.mp3 */ = {isa = PBXFileReference; lastKnownFileType = audio.mp3; path = ringtone.mp3; sourceTree = "<group>"; };
		796921A82C93F1F2000BB689 /* tutorial.mp4 */ = {isa = PBXFileReference; lastKnownFileType = file; path = tutorial.mp4; sourceTree = "<group>"; };
		796921AA2C93F210000BB689 /* VideoView.swift */ = {isa = PBXFileReference; lastKnownFileType = sourcecode.swift; path = VideoView.swift; sourceTree = "<group>"; };
/* End PBXFileReference section */

/* Begin PBXFrameworksBuildPhase section */
		796921452C93B2BA000BB689 /* Frameworks */ = {
			isa = PBXFrameworksBuildPhase;
			buildActionMask = 2147483647;
			files = (
				7969217E2C93B701000BB689 /* SplineRuntime in Frameworks */,
			);
			runOnlyForDeploymentPostprocessing = 0;
		};
		796921552C93B2BC000BB689 /* Frameworks */ = {
			isa = PBXFrameworksBuildPhase;
			buildActionMask = 2147483647;
			files = (
			);
			runOnlyForDeploymentPostprocessing = 0;
		};
		7969215F2C93B2BC000BB689 /* Frameworks */ = {
			isa = PBXFrameworksBuildPhase;
			buildActionMask = 2147483647;
			files = (
			);
			runOnlyForDeploymentPostprocessing = 0;
		};
/* End PBXFrameworksBuildPhase section */

/* Begin PBXGroup section */
		7969213F2C93B2BA000BB689 = {
			isa = PBXGroup;
			children = (
				796921AA2C93F210000BB689 /* VideoView.swift */,
				796921A82C93F1F2000BB689 /* tutorial.mp4 */,
				796921A62C93EC95000BB689 /* ringtone.mp3 */,
				796921A02C93E99A000BB689 /* UIImage.swift */,
				796921922C93CF65000BB689 /* CallInProgressView.swift */,
				7969214A2C93B2BA000BB689 /* ESCall */,
				7969215B2C93B2BC000BB689 /* ESCallTests */,
				796921652C93B2BC000BB689 /* ESCallUITests */,
				796921492C93B2BA000BB689 /* Products */,
			);
			sourceTree = "<group>";
		};
		796921492C93B2BA000BB689 /* Products */ = {
			isa = PBXGroup;
			children = (
				796921482C93B2BA000BB689 /* ESCall.app */,
				796921582C93B2BC000BB689 /* ESCallTests.xctest */,
				796921622C93B2BC000BB689 /* ESCallUITests.xctest */,
			);
			name = Products;
			sourceTree = "<group>";
		};
		7969214A2C93B2BA000BB689 /* ESCall */ = {
			isa = PBXGroup;
			children = (
				796921852C93C62C000BB689 /* Info.plist */,
				7969214B2C93B2BA000BB689 /* ESCallApp.swift */,
				7969214D2C93B2BA000BB689 /* ContentView.swift */,
				7969214F2C93B2BC000BB689 /* Assets.xcassets */,
				7969218A2C93CBB8000BB689 /* ProximaNovaBold.otf */,
				796921882C93CB9D000BB689 /* ProximaNovaRegular.otf */,
				796921512C93B2BC000BB689 /* Preview Content */,
				7969217F2C93C00B000BB689 /* WelcomeView.swift */,
				7969218E2C93CE5E000BB689 /* VolumeButtonHandler.swift */,
				796921902C93CEDD000BB689 /* FakeCallView.swift */,
				796921832C93C04A000BB689 /* HomeView.swift */,
				796921812C93C026000BB689 /* TutorialView.swift */,
			);
			path = ESCall;
			sourceTree = "<group>";
		};
		796921512C93B2BC000BB689 /* Preview Content */ = {
			isa = PBXGroup;
			children = (
				796921522C93B2BC000BB689 /* Preview Assets.xcassets */,
			);
			path = "Preview Content";
			sourceTree = "<group>";
		};
		7969215B2C93B2BC000BB689 /* ESCallTests */ = {
			isa = PBXGroup;
			children = (
				7969215C2C93B2BC000BB689 /* ESCallTests.swift */,
			);
			path = ESCallTests;
			sourceTree = "<group>";
		};
		796921652C93B2BC000BB689 /* ESCallUITests */ = {
			isa = PBXGroup;
			children = (
				796921662C93B2BC000BB689 /* ESCallUITests.swift */,
				796921682C93B2BC000BB689 /* ESCallUITestsLaunchTests.swift */,
			);
			path = ESCallUITests;
			sourceTree = "<group>";
		};
/* End PBXGroup section */

/* Begin PBXNativeTarget section */
		796921472C93B2BA000BB689 /* ESCall */ = {
			isa = PBXNativeTarget;
			buildConfigurationList = 7969216C2C93B2BC000BB689 /* Build configuration list for PBXNativeTarget "ESCall" */;
			buildPhases = (
				796921442C93B2BA000BB689 /* Sources */,
				796921452C93B2BA000BB689 /* Frameworks */,
				796921462C93B2BA000BB689 /* Resources */,
			);
			buildRules = (
			);
			dependencies = (
			);
			name = ESCall;
			packageProductDependencies = (
				7969217D2C93B701000BB689 /* SplineRuntime */,
			);
			productName = ESCall;
			productReference = 796921482C93B2BA000BB689 /* ESCall.app */;
			productType = "com.apple.product-type.application";
		};
		796921572C93B2BC000BB689 /* ESCallTests */ = {
			isa = PBXNativeTarget;
			buildConfigurationList = 7969216F2C93B2BC000BB689 /* Build configuration list for PBXNativeTarget "ESCallTests" */;
			buildPhases = (
				796921542C93B2BC000BB689 /* Sources */,
				796921552C93B2BC000BB689 /* Frameworks */,
				796921562C93B2BC000BB689 /* Resources */,
			);
			buildRules = (
			);
			dependencies = (
				7969215A2C93B2BC000BB689 /* PBXTargetDependency */,
			);
			name = ESCallTests;
			packageProductDependencies = (
			);
			productName = ESCallTests;
			productReference = 796921582C93B2BC000BB689 /* ESCallTests.xctest */;
			productType = "com.apple.product-type.bundle.unit-test";
		};
		796921612C93B2BC000BB689 /* ESCallUITests */ = {
			isa = PBXNativeTarget;
			buildConfigurationList = 796921722C93B2BC000BB689 /* Build configuration list for PBXNativeTarget "ESCallUITests" */;
			buildPhases = (
				7969215E2C93B2BC000BB689 /* Sources */,
				7969215F2C93B2BC000BB689 /* Frameworks */,
				796921602C93B2BC000BB689 /* Resources */,
			);
			buildRules = (
			);
			dependencies = (
				796921642C93B2BC000BB689 /* PBXTargetDependency */,
			);
			name = ESCallUITests;
			packageProductDependencies = (
			);
			productName = ESCallUITests;
			productReference = 796921622C93B2BC000BB689 /* ESCallUITests.xctest */;
			productType = "com.apple.product-type.bundle.ui-testing";
		};
/* End PBXNativeTarget section */

/* Begin PBXProject section */
		796921402C93B2BA000BB689 /* Project object */ = {
			isa = PBXProject;
			attributes = {
				BuildIndependentTargetsInParallel = 1;
				LastSwiftUpdateCheck = 1540;
				LastUpgradeCheck = 1540;
				TargetAttributes = {
					796921472C93B2BA000BB689 = {
						CreatedOnToolsVersion = 15.4;
					};
					796921572C93B2BC000BB689 = {
						CreatedOnToolsVersion = 15.4;
						TestTargetID = 796921472C93B2BA000BB689;
					};
					796921612C93B2BC000BB689 = {
						CreatedOnToolsVersion = 15.4;
						TestTargetID = 796921472C93B2BA000BB689;
					};
				};
			};
			buildConfigurationList = 796921432C93B2BA000BB689 /* Build configuration list for PBXProject "ESCall" */;
			compatibilityVersion = "Xcode 14.0";
			developmentRegion = en;
			hasScannedForEncodings = 0;
			knownRegions = (
				en,
				Base,
			);
			mainGroup = 7969213F2C93B2BA000BB689;
			packageReferences = (
				7969217C2C93B701000BB689 /* XCRemoteSwiftPackageReference "spline-ios" */,
			);
			productRefGroup = 796921492C93B2BA000BB689 /* Products */;
			projectDirPath = "";
			projectRoot = "";
			targets = (
				796921472C93B2BA000BB689 /* ESCall */,
				796921572C93B2BC000BB689 /* ESCallTests */,
				796921612C93B2BC000BB689 /* ESCallUITests */,
			);
		};
/* End PBXProject section */

/* Begin PBXResourcesBuildPhase section */
		796921462C93B2BA000BB689 /* Resources */ = {
			isa = PBXResourcesBuildPhase;
			buildActionMask = 2147483647;
			files = (
				796921532C93B2BC000BB689 /* Preview Assets.xcassets in Resources */,
				796921502C93B2BC000BB689 /* Assets.xcassets in Resources */,
				796921892C93CB9D000BB689 /* ProximaNovaRegular.otf in Resources */,
				796921A72C93EC95000BB689 /* ringtone.mp3 in Resources */,
				7969218B2C93CBB8000BB689 /* ProximaNovaBold.otf in Resources */,
				796921A92C93F1F2000BB689 /* tutorial.mp4 in Resources */,
			);
			runOnlyForDeploymentPostprocessing = 0;
		};
		796921562C93B2BC000BB689 /* Resources */ = {
			isa = PBXResourcesBuildPhase;
			buildActionMask = 2147483647;
			files = (
			);
			runOnlyForDeploymentPostprocessing = 0;
		};
		796921602C93B2BC000BB689 /* Resources */ = {
			isa = PBXResourcesBuildPhase;
			buildActionMask = 2147483647;
			files = (
			);
			runOnlyForDeploymentPostprocessing = 0;
		};
/* End PBXResourcesBuildPhase section */

/* Begin PBXSourcesBuildPhase section */
		796921442C93B2BA000BB689 /* Sources */ = {
			isa = PBXSourcesBuildPhase;
			buildActionMask = 2147483647;
			files = (
				7969214E2C93B2BA000BB689 /* ContentView.swift in Sources */,
				796921802C93C00B000BB689 /* WelcomeView.swift in Sources */,
				7969218F2C93CE5E000BB689 /* VolumeButtonHandler.swift in Sources */,
				796921912C93CEDD000BB689 /* FakeCallView.swift in Sources */,
				796921822C93C026000BB689 /* TutorialView.swift in Sources */,
				796921842C93C04A000BB689 /* HomeView.swift in Sources */,
				796921A12C93E99A000BB689 /* UIImage.swift in Sources */,
				796921932C93CF65000BB689 /* CallInProgressView.swift in Sources */,
				796921AB2C93F211000BB689 /* VideoView.swift in Sources */,
				7969214C2C93B2BA000BB689 /* ESCallApp.swift in Sources */,
			);
			runOnlyForDeploymentPostprocessing = 0;
		};
		796921542C93B2BC000BB689 /* Sources */ = {
			isa = PBXSourcesBuildPhase;
			buildActionMask = 2147483647;
			files = (
				7969215D2C93B2BC000BB689 /* ESCallTests.swift in Sources */,
			);
			runOnlyForDeploymentPostprocessing = 0;
		};
		7969215E2C93B2BC000BB689 /* Sources */ = {
			isa = PBXSourcesBuildPhase;
			buildActionMask = 2147483647;
			files = (
				796921692C93B2BC000BB689 /* ESCallUITestsLaunchTests.swift in Sources */,
				796921672C93B2BC000BB689 /* ESCallUITests.swift in Sources */,
			);
			runOnlyForDeploymentPostprocessing = 0;
		};
/* End PBXSourcesBuildPhase section */

/* Begin PBXTargetDependency section */
		7969215A2C93B2BC000BB689 /* PBXTargetDependency */ = {
			isa = PBXTargetDependency;
			target = 796921472C93B2BA000BB689 /* ESCall */;
			targetProxy = 796921592C93B2BC000BB689 /* PBXContainerItemProxy */;
		};
		796921642C93B2BC000BB689 /* PBXTargetDependency */ = {
			isa = PBXTargetDependency;
			target = 796921472C93B2BA000BB689 /* ESCall */;
			targetProxy = 796921632C93B2BC000BB689 /* PBXContainerItemProxy */;
		};
/* End PBXTargetDependency section */

/* Begin XCBuildConfiguration section */
		7969216A2C93B2BC000BB689 /* Debug */ = {
			isa = XCBuildConfiguration;
			buildSettings = {
				ALWAYS_SEARCH_USER_PATHS = NO;
				ASSETCATALOG_COMPILER_GENERATE_SWIFT_ASSET_SYMBOL_EXTENSIONS = YES;
				CLANG_ANALYZER_NONNULL = YES;
				CLANG_ANALYZER_NUMBER_OBJECT_CONVERSION = YES_AGGRESSIVE;
				CLANG_CXX_LANGUAGE_STANDARD = "gnu++20";
				CLANG_ENABLE_MODULES = YES;
				CLANG_ENABLE_OBJC_ARC = YES;
				CLANG_ENABLE_OBJC_WEAK = YES;
				CLANG_WARN_BLOCK_CAPTURE_AUTORELEASING = YES;
				CLANG_WARN_BOOL_CONVERSION = YES;
				CLANG_WARN_COMMA = YES;
				CLANG_WARN_CONSTANT_CONVERSION = YES;
				CLANG_WARN_DEPRECATED_OBJC_IMPLEMENTATIONS = YES;
				CLANG_WARN_DIRECT_OBJC_ISA_USAGE = YES_ERROR;
				CLANG_WARN_DOCUMENTATION_COMMENTS = YES;
				CLANG_WARN_EMPTY_BODY = YES;
				CLANG_WARN_ENUM_CONVERSION = YES;
				CLANG_WARN_INFINITE_RECURSION = YES;
				CLANG_WARN_INT_CONVERSION = YES;
				CLANG_WARN_NON_LITERAL_NULL_CONVERSION = YES;
				CLANG_WARN_OBJC_IMPLICIT_RETAIN_SELF = YES;
				CLANG_WARN_OBJC_LITERAL_CONVERSION = YES;
				CLANG_WARN_OBJC_ROOT_CLASS = YES_ERROR;
				CLANG_WARN_QUOTED_INCLUDE_IN_FRAMEWORK_HEADER = YES;
				CLANG_WARN_RANGE_LOOP_ANALYSIS = YES;
				CLANG_WARN_STRICT_PROTOTYPES = YES;
				CLANG_WARN_SUSPICIOUS_MOVE = YES;
				CLANG_WARN_UNGUARDED_AVAILABILITY = YES_AGGRESSIVE;
				CLANG_WARN_UNREACHABLE_CODE = YES;
				CLANG_WARN__DUPLICATE_METHOD_MATCH = YES;
				COPY_PHASE_STRIP = NO;
				DEBUG_INFORMATION_FORMAT = dwarf;
				ENABLE_STRICT_OBJC_MSGSEND = YES;
				ENABLE_TESTABILITY = YES;
				ENABLE_USER_SCRIPT_SANDBOXING = YES;
				GCC_C_LANGUAGE_STANDARD = gnu17;
				GCC_DYNAMIC_NO_PIC = NO;
				GCC_NO_COMMON_BLOCKS = YES;
				GCC_OPTIMIZATION_LEVEL = 0;
				GCC_PREPROCESSOR_DEFINITIONS = (
					"DEBUG=1",
					"$(inherited)",
				);
				GCC_WARN_64_TO_32_BIT_CONVERSION = YES;
				GCC_WARN_ABOUT_RETURN_TYPE = YES_ERROR;
				GCC_WARN_UNDECLARED_SELECTOR = YES;
				GCC_WARN_UNINITIALIZED_AUTOS = YES_AGGRESSIVE;
				GCC_WARN_UNUSED_FUNCTION = YES;
				GCC_WARN_UNUSED_VARIABLE = YES;
				IPHONEOS_DEPLOYMENT_TARGET = 17.5;
				LOCALIZATION_PREFERS_STRING_CATALOGS = YES;
				MTL_ENABLE_DEBUG_INFO = INCLUDE_SOURCE;
				MTL_FAST_MATH = YES;
				ONLY_ACTIVE_ARCH = YES;
				SDKROOT = iphoneos;
				SWIFT_ACTIVE_COMPILATION_CONDITIONS = "DEBUG $(inherited)";
				SWIFT_OPTIMIZATION_LEVEL = "-Onone";
			};
			name = Debug;
		};
		7969216B2C93B2BC000BB689 /* Release */ = {
			isa = XCBuildConfiguration;
			buildSettings = {
				ALWAYS_SEARCH_USER_PATHS = NO;
				ASSETCATALOG_COMPILER_GENERATE_SWIFT_ASSET_SYMBOL_EXTENSIONS = YES;
				CLANG_ANALYZER_NONNULL = YES;
				CLANG_ANALYZER_NUMBER_OBJECT_CONVERSION = YES_AGGRESSIVE;
				CLANG_CXX_LANGUAGE_STANDARD = "gnu++20";
				CLANG_ENABLE_MODULES = YES;
				CLANG_ENABLE_OBJC_ARC = YES;
				CLANG_ENABLE_OBJC_WEAK = YES;
				CLANG_WARN_BLOCK_CAPTURE_AUTORELEASING = YES;
				CLANG_WARN_BOOL_CONVERSION = YES;
				CLANG_WARN_COMMA = YES;
				CLANG_WARN_CONSTANT_CONVERSION = YES;
				CLANG_WARN_DEPRECATED_OBJC_IMPLEMENTATIONS = YES;
				CLANG_WARN_DIRECT_OBJC_ISA_USAGE = YES_ERROR;
				CLANG_WARN_DOCUMENTATION_COMMENTS = YES;
				CLANG_WARN_EMPTY_BODY = YES;
				CLANG_WARN_ENUM_CONVERSION = YES;
				CLANG_WARN_INFINITE_RECURSION = YES;
				CLANG_WARN_INT_CONVERSION = YES;
				CLANG_WARN_NON_LITERAL_NULL_CONVERSION = YES;
				CLANG_WARN_OBJC_IMPLICIT_RETAIN_SELF = YES;
				CLANG_WARN_OBJC_LITERAL_CONVERSION = YES;
				CLANG_WARN_OBJC_ROOT_CLASS = YES_ERROR;
				CLANG_WARN_QUOTED_INCLUDE_IN_FRAMEWORK_HEADER = YES;
				CLANG_WARN_RANGE_LOOP_ANALYSIS = YES;
				CLANG_WARN_STRICT_PROTOTYPES = YES;
				CLANG_WARN_SUSPICIOUS_MOVE = YES;
				CLANG_WARN_UNGUARDED_AVAILABILITY = YES_AGGRESSIVE;
				CLANG_WARN_UNREACHABLE_CODE = YES;
				CLANG_WARN__DUPLICATE_METHOD_MATCH = YES;
				COPY_PHASE_STRIP = NO;
				DEBUG_INFORMATION_FORMAT = "dwarf-with-dsym";
				ENABLE_NS_ASSERTIONS = NO;
				ENABLE_STRICT_OBJC_MSGSEND = YES;
				ENABLE_USER_SCRIPT_SANDBOXING = YES;
				GCC_C_LANGUAGE_STANDARD = gnu17;
				GCC_NO_COMMON_BLOCKS = YES;
				GCC_WARN_64_TO_32_BIT_CONVERSION = YES;
				GCC_WARN_ABOUT_RETURN_TYPE = YES_ERROR;
				GCC_WARN_UNDECLARED_SELECTOR = YES;
				GCC_WARN_UNINITIALIZED_AUTOS = YES_AGGRESSIVE;
				GCC_WARN_UNUSED_FUNCTION = YES;
				GCC_WARN_UNUSED_VARIABLE = YES;
				IPHONEOS_DEPLOYMENT_TARGET = 17.5;
				LOCALIZATION_PREFERS_STRING_CATALOGS = YES;
				MTL_ENABLE_DEBUG_INFO = NO;
				MTL_FAST_MATH = YES;
				SDKROOT = iphoneos;
				SWIFT_COMPILATION_MODE = wholemodule;
				VALIDATE_PRODUCT = YES;
			};
			name = Release;
		};
		7969216D2C93B2BC000BB689 /* Debug */ = {
			isa = XCBuildConfiguration;
			buildSettings = {
				ASSETCATALOG_COMPILER_APPICON_NAME = AppIcon;
				ASSETCATALOG_COMPILER_GLOBAL_ACCENT_COLOR_NAME = AccentColor;
				CODE_SIGN_STYLE = Automatic;
				CURRENT_PROJECT_VERSION = 1;
				DEVELOPMENT_ASSET_PATHS = "\"ESCall/Preview Content\"";
				DEVELOPMENT_TEAM = 44J6MDM525;
				ENABLE_PREVIEWS = YES;
				GENERATE_INFOPLIST_FILE = YES;
				INFOPLIST_FILE = ESCall/Info.plist;
				INFOPLIST_KEY_UIApplicationSceneManifest_Generation = YES;
				INFOPLIST_KEY_UIApplicationSupportsIndirectInputEvents = YES;
				INFOPLIST_KEY_UILaunchScreen_Generation = YES;
				INFOPLIST_KEY_UISupportedInterfaceOrientations_iPad = "UIInterfaceOrientationPortrait UIInterfaceOrientationPortraitUpsideDown UIInterfaceOrientationLandscapeLeft UIInterfaceOrientationLandscapeRight";
				INFOPLIST_KEY_UISupportedInterfaceOrientations_iPhone = "UIInterfaceOrientationPortrait UIInterfaceOrientationLandscapeLeft UIInterfaceOrientationLandscapeRight";
				LD_RUNPATH_SEARCH_PATHS = (
					"$(inherited)",
					"@executable_path/Frameworks",
				);
				MARKETING_VERSION = 1.0;
				PRODUCT_BUNDLE_IDENTIFIER = thiagoandrade.ESCall;
				PRODUCT_NAME = "$(TARGET_NAME)";
				SWIFT_EMIT_LOC_STRINGS = YES;
				SWIFT_VERSION = 5.0;
				TARGETED_DEVICE_FAMILY = "1,2";
			};
			name = Debug;
		};
		7969216E2C93B2BC000BB689 /* Release */ = {
			isa = XCBuildConfiguration;
			buildSettings = {
				ASSETCATALOG_COMPILER_APPICON_NAME = AppIcon;
				ASSETCATALOG_COMPILER_GLOBAL_ACCENT_COLOR_NAME = AccentColor;
				CODE_SIGN_STYLE = Automatic;
				CURRENT_PROJECT_VERSION = 1;
				DEVELOPMENT_ASSET_PATHS = "\"ESCall/Preview Content\"";
				DEVELOPMENT_TEAM = 44J6MDM525;
				ENABLE_PREVIEWS = YES;
				GENERATE_INFOPLIST_FILE = YES;
				INFOPLIST_FILE = ESCall/Info.plist;
				INFOPLIST_KEY_UIApplicationSceneManifest_Generation = YES;
				INFOPLIST_KEY_UIApplicationSupportsIndirectInputEvents = YES;
				INFOPLIST_KEY_UILaunchScreen_Generation = YES;
				INFOPLIST_KEY_UISupportedInterfaceOrientations_iPad = "UIInterfaceOrientationPortrait UIInterfaceOrientationPortraitUpsideDown UIInterfaceOrientationLandscapeLeft UIInterfaceOrientationLandscapeRight";
				INFOPLIST_KEY_UISupportedInterfaceOrientations_iPhone = "UIInterfaceOrientationPortrait UIInterfaceOrientationLandscapeLeft UIInterfaceOrientationLandscapeRight";
				LD_RUNPATH_SEARCH_PATHS = (
					"$(inherited)",
					"@executable_path/Frameworks",
				);
				MARKETING_VERSION = 1.0;
				PRODUCT_BUNDLE_IDENTIFIER = thiagoandrade.ESCall;
				PRODUCT_NAME = "$(TARGET_NAME)";
				SWIFT_EMIT_LOC_STRINGS = YES;
				SWIFT_VERSION = 5.0;
				TARGETED_DEVICE_FAMILY = "1,2";
			};
			name = Release;
		};
		796921702C93B2BC000BB689 /* Debug */ = {
			isa = XCBuildConfiguration;
			buildSettings = {
				ALWAYS_EMBED_SWIFT_STANDARD_LIBRARIES = YES;
				BUNDLE_LOADER = "$(TEST_HOST)";
				CODE_SIGN_STYLE = Automatic;
				CURRENT_PROJECT_VERSION = 1;
				GENERATE_INFOPLIST_FILE = YES;
				IPHONEOS_DEPLOYMENT_TARGET = 17.5;
				MARKETING_VERSION = 1.0;
				PRODUCT_BUNDLE_IDENTIFIER = beabstracto.ESCallTests;
				PRODUCT_NAME = "$(TARGET_NAME)";
				SWIFT_EMIT_LOC_STRINGS = NO;
				SWIFT_VERSION = 5.0;
				TARGETED_DEVICE_FAMILY = "1,2";
				TEST_HOST = "$(BUILT_PRODUCTS_DIR)/ESCall.app/$(BUNDLE_EXECUTABLE_FOLDER_PATH)/ESCall";
			};
			name = Debug;
		};
		796921712C93B2BC000BB689 /* Release */ = {
			isa = XCBuildConfiguration;
			buildSettings = {
				ALWAYS_EMBED_SWIFT_STANDARD_LIBRARIES = YES;
				BUNDLE_LOADER = "$(TEST_HOST)";
				CODE_SIGN_STYLE = Automatic;
				CURRENT_PROJECT_VERSION = 1;
				GENERATE_INFOPLIST_FILE = YES;
				IPHONEOS_DEPLOYMENT_TARGET = 17.5;
				MARKETING_VERSION = 1.0;
				PRODUCT_BUNDLE_IDENTIFIER = beabstracto.ESCallTests;
				PRODUCT_NAME = "$(TARGET_NAME)";
				SWIFT_EMIT_LOC_STRINGS = NO;
				SWIFT_VERSION = 5.0;
				TARGETED_DEVICE_FAMILY = "1,2";
				TEST_HOST = "$(BUILT_PRODUCTS_DIR)/ESCall.app/$(BUNDLE_EXECUTABLE_FOLDER_PATH)/ESCall";
			};
			name = Release;
		};
		796921732C93B2BC000BB689 /* Debug */ = {
			isa = XCBuildConfiguration;
			buildSettings = {
				ALWAYS_EMBED_SWIFT_STANDARD_LIBRARIES = YES;
				CODE_SIGN_STYLE = Automatic;
				CURRENT_PROJECT_VERSION = 1;
				GENERATE_INFOPLIST_FILE = YES;
				MARKETING_VERSION = 1.0;
				PRODUCT_BUNDLE_IDENTIFIER = beabstracto.ESCallUITests;
				PRODUCT_NAME = "$(TARGET_NAME)";
				SWIFT_EMIT_LOC_STRINGS = NO;
				SWIFT_VERSION = 5.0;
				TARGETED_DEVICE_FAMILY = "1,2";
				TEST_TARGET_NAME = ESCall;
			};
			name = Debug;
		};
		796921742C93B2BC000BB689 /* Release */ = {
			isa = XCBuildConfiguration;
			buildSettings = {
				ALWAYS_EMBED_SWIFT_STANDARD_LIBRARIES = YES;
				CODE_SIGN_STYLE = Automatic;
				CURRENT_PROJECT_VERSION = 1;
				GENERATE_INFOPLIST_FILE = YES;
				MARKETING_VERSION = 1.0;
				PRODUCT_BUNDLE_IDENTIFIER = beabstracto.ESCallUITests;
				PRODUCT_NAME = "$(TARGET_NAME)";
				SWIFT_EMIT_LOC_STRINGS = NO;
				SWIFT_VERSION = 5.0;
				TARGETED_DEVICE_FAMILY = "1,2";
				TEST_TARGET_NAME = ESCall;
			};
			name = Release;
		};
/* End XCBuildConfiguration section */

/* Begin XCConfigurationList section */
		796921432C93B2BA000BB689 /* Build configuration list for PBXProject "ESCall" */ = {
			isa = XCConfigurationList;
			buildConfigurations = (
				7969216A2C93B2BC000BB689 /* Debug */,
				7969216B2C93B2BC000BB689 /* Release */,
			);
			defaultConfigurationIsVisible = 0;
			defaultConfigurationName = Release;
		};
		7969216C2C93B2BC000BB689 /* Build configuration list for PBXNativeTarget "ESCall" */ = {
			isa = XCConfigurationList;
			buildConfigurations = (
				7969216D2C93B2BC000BB689 /* Debug */,
				7969216E2C93B2BC000BB689 /* Release */,
			);
			defaultConfigurationIsVisible = 0;
			defaultConfigurationName = Release;
		};
		7969216F2C93B2BC000BB689 /* Build configuration list for PBXNativeTarget "ESCallTests" */ = {
			isa = XCConfigurationList;
			buildConfigurations = (
				796921702C93B2BC000BB689 /* Debug */,
				796921712C93B2BC000BB689 /* Release */,
			);
			defaultConfigurationIsVisible = 0;
			defaultConfigurationName = Release;
		};
		796921722C93B2BC000BB689 /* Build configuration list for PBXNativeTarget "ESCallUITests" */ = {
			isa = XCConfigurationList;
			buildConfigurations = (
				796921732C93B2BC000BB689 /* Debug */,
				796921742C93B2BC000BB689 /* Release */,
			);
			defaultConfigurationIsVisible = 0;
			defaultConfigurationName = Release;
		};
/* End XCConfigurationList section */

/* Begin XCRemoteSwiftPackageReference section */
		7969217C2C93B701000BB689 /* XCRemoteSwiftPackageReference "spline-ios" */ = {
			isa = XCRemoteSwiftPackageReference;
			repositoryURL = "https://github.com/splinetool/spline-ios";
			requirement = {
				branch = main;
				kind = branch;
			};
		};
/* End XCRemoteSwiftPackageReference section */

/* Begin XCSwiftPackageProductDependency section */
		7969217D2C93B701000BB689 /* SplineRuntime */ = {
			isa = XCSwiftPackageProductDependency;
			package = 7969217C2C93B701000BB689 /* XCRemoteSwiftPackageReference "spline-ios" */;
			productName = SplineRuntime;
		};
/* End XCSwiftPackageProductDependency section */
	};
	rootObject = 796921402C93B2BA000BB689 /* Project object */;
}
